
Microsoft Visual Studio Solution File, Format Version 12.00
# Visual Studio Version 16
VisualStudioVersion = 16.0.30907.101
MinimumVisualStudioVersion = 10.0.40219.1
Project("{FAE04EC0-301F-11D3-BF4B-00C04F79EFBC}") = "UPS.Shipper.ToShipExecFromConnectShip", "UPS.Shipper.ToShipExecFromConnectShip\UPS.Shipper.ToShipExecFromConnectShip.csproj", "{7D41B641-3A90-4B86-96B5-86520E1D0000}"
EndProject
Global
	GlobalSection(SolutionConfigurationPlatforms) = preSolution
		Debug|Any CPU = Debug|Any CPU
		Release|Any CPU = Release|Any CPU
	EndGlobalSection
	GlobalSection(ProjectConfigurationPlatforms) = postSolution
		{7D41B641-3A90-4B86-96B5-86520E1D0000}.Debug|Any CPU.ActiveCfg = Debug|Any CPU
		{7D41B641-3A90-4B86-96B5-86520E1D0000}.Debug|Any CPU.Build.0 = Debug|Any CPU
		{7D41B641-3A90-4B86-96B5-86520E1D0000}.Release|Any CPU.ActiveCfg = Release|Any CPU
		{7D41B641-3A90-4B86-96B5-86520E1D0000}.Release|Any CPU.Build.0 = Release|Any CPU
	EndGlobalSection
	GlobalSection(SolutionProperties) = preSolution
		HideSolutionNode = FALSE
	EndGlobalSection
	GlobalSection(ExtensibilityGlobals) = postSolution
		SolutionGuid = {11BC77D7-110A-4562-B420-D3E0C3ED37C1}
	EndGlobalSection
EndGlobal
